
Microsoft Visual Studio Solution File, Format Version 12.00
# Visual Studio 15
VisualStudioVersion = 15.0.27130.2003
MinimumVisualStudioVersion = 10.0.40219.1
Project("{FAE04EC0-301F-11D3-BF4B-00C04F79EFBC}") = "ElecFlow", "ElecFlow\ElecFlow.csproj", "{A1F53685-DBC5-48FC-B842-7FC2E2291DDE}"
EndProject
Project("{FAE04EC0-301F-11D3-BF4B-00C04F79EFBC}") = "ElecFlow.Cli", "..\ElecFlow.Cli\ElecFlow.Cli.csproj", "{D390D80D-F5DF-47F3-9553-7408B734AA9E}"
EndProject
Global
	GlobalSection(SolutionConfigurationPlatforms) = preSolution
		Debug|Any CPU = Debug|Any CPU
		Release|Any CPU = Release|Any CPU
	EndGlobalSection
	GlobalSection(ProjectConfigurationPlatforms) = postSolution
		{A1F53685-DBC5-48FC-B842-7FC2E2291DDE}.Debug|Any CPU.ActiveCfg = Debug|Any CPU
		{A1F53685-DBC5-48FC-B842-7FC2E2291DDE}.Debug|Any CPU.Build.0 = Debug|Any CPU
		{A1F53685-DBC5-48FC-B842-7FC2E2291DDE}.Release|Any CPU.ActiveCfg = Release|Any CPU
		{A1F53685-DBC5-48FC-B842-7FC2E2291DDE}.Release|Any CPU.Build.0 = Release|Any CPU
		{D390D80D-F5DF-47F3-9553-7408B734AA9E}.Debug|Any CPU.ActiveCfg = Debug|Any CPU
		{D390D80D-F5DF-47F3-9553-7408B734AA9E}.Debug|Any CPU.Build.0 = Debug|Any CPU
		{D390D80D-F5DF-47F3-9553-7408B734AA9E}.Release|Any CPU.ActiveCfg = Release|Any CPU
		{D390D80D-F5DF-47F3-9553-7408B734AA9E}.Release|Any CPU.Build.0 = Release|Any CPU
	EndGlobalSection
	GlobalSection(SolutionProperties) = preSolution
		HideSolutionNode = FALSE
	EndGlobalSection
	GlobalSection(ExtensibilityGlobals) = postSolution
		SolutionGuid = {09B7E152-A8E8-4827-81AE-A9B83D3E4212}
	EndGlobalSection
EndGlobal
